# This file was autogenerated by Stack.
# You should not edit this file by hand.
# For more information, please see the documentation at:
#   https://docs.haskellstack.org/en/stable/lock_files

packages:
- completed:
    cabal-file:
      size: 2328
      sha256: e848c8d5d0be94d1970543d156db1e5bc6debe1e5ad64e51986f175b27f8c734
    name: fs-entries
    version: 0.3.0.0
    git: https://github.com/nedervold/fs-entries
    pantry-tree:
      size: 1362
      sha256: c8af00c9ada0b0c049553cc14fec1a2ac338a98f8c8c178cc77d024eec238e4b
    commit: fb92b84d6986cf0d7cc85aefc4f34cb696608598
  original:
    git: https://github.com/nedervold/fs-entries
    commit: fb92b84d6986cf0d7cc85aefc4f34cb696608598
snapshots:
- completed:
    size: 525663
    url: https://raw.githubusercontent.com/commercialhaskell/stackage-snapshots/master/lts/14/14.yaml
    sha256: 6edc48df46eb8bf7b861e98dd30d021a92c2e1820c9bb6528aac5d997b0e14ef
  original: lts-14.14
